
Microsoft Visual Studio Solution File, Format Version 12.00
# Visual Studio Version 17
VisualStudioVersion = 17.5.002.0
MinimumVisualStudioVersion = 10.0.40219.1
Project("{9A19103F-16F7-4668-BE54-9A1E7A4F7556}") = "tl1-tp6-2024-nico018", "tl1-tp6-2024-nico018.csproj", "{542CD3C6-958B-4C2C-97CF-B297F74852D2}"
EndProject
Project("{9A19103F-16F7-4668-BE54-9A1E7A4F7556}") = "Ejercicio2", "Ejercicio2\Ejercicio2.csproj", "{FF9558C7-266F-4404-B921-2FDC8348AC7C}"
EndProject
Global
	GlobalSection(SolutionConfigurationPlatforms) = preSolution
		Debug|Any CPU = Debug|Any CPU
		Release|Any CPU = Release|Any CPU
	EndGlobalSection
	GlobalSection(ProjectConfigurationPlatforms) = postSolution
		{542CD3C6-958B-4C2C-97CF-B297F74852D2}.Debug|Any CPU.ActiveCfg = Debug|Any CPU
		{542CD3C6-958B-4C2C-97CF-B297F74852D2}.Debug|Any CPU.Build.0 = Debug|Any CPU
		{542CD3C6-958B-4C2C-97CF-B297F74852D2}.Release|Any CPU.ActiveCfg = Release|Any CPU
		{542CD3C6-958B-4C2C-97CF-B297F74852D2}.Release|Any CPU.Build.0 = Release|Any CPU
		{FF9558C7-266F-4404-B921-2FDC8348AC7C}.Debug|Any CPU.ActiveCfg = Debug|Any CPU
		{FF9558C7-266F-4404-B921-2FDC8348AC7C}.Debug|Any CPU.Build.0 = Debug|Any CPU
		{FF9558C7-266F-4404-B921-2FDC8348AC7C}.Release|Any CPU.ActiveCfg = Release|Any CPU
		{FF9558C7-266F-4404-B921-2FDC8348AC7C}.Release|Any CPU.Build.0 = Release|Any CPU
	EndGlobalSection
	GlobalSection(SolutionProperties) = preSolution
		HideSolutionNode = FALSE
	EndGlobalSection
	GlobalSection(ExtensibilityGlobals) = postSolution
		SolutionGuid = {04907E65-3DF1-4DE6-A7A7-4A41F938C60F}
	EndGlobalSection
EndGlobal
